// !$*UTF8*$!
{
	archiveVersion = 1;
	classes = {
	};
	objectVersion = 50;
	objects = {

/* Begin PBXBuildFile section */
		C9B4473A24568192000EEDDF /* AppDelegate.swift in Sources */ = {isa = PBXBuildFile; fileRef = C9B4473924568192000EEDDF /* AppDelegate.swift */; };
		C9B4473E24568192000EEDDF /* TimerViewController.swift in Sources */ = {isa = PBXBuildFile; fileRef = C9B4473D24568192000EEDDF /* TimerViewController.swift */; };
		C9B4474324568198000EEDDF /* Assets.xcassets in Resources */ = {isa = PBXBuildFile; fileRef = C9B4474224568198000EEDDF /* Assets.xcassets */; };
		C9B4474624568198000EEDDF /* LaunchScreen.storyboard in Resources */ = {isa = PBXBuildFile; fileRef = C9B4474424568198000EEDDF /* LaunchScreen.storyboard */; };
		C9B4475124580ADF000EEDDF /* TabBarVC.swift in Sources */ = {isa = PBXBuildFile; fileRef = C9B4475024580ADF000EEDDF /* TabBarVC.swift */; };
		C9B44754245817E9000EEDDF /* CustomColor.swift in Sources */ = {isa = PBXBuildFile; fileRef = C9B44753245817E9000EEDDF /* CustomColor.swift */; };
		C9B4475624582A50000EEDDF /* SettingsViewController.swift in Sources */ = {isa = PBXBuildFile; fileRef = C9B4475524582A50000EEDDF /* SettingsViewController.swift */; };
		C9B4475824582EE1000EEDDF /* TaksViewController.swift in Sources */ = {isa = PBXBuildFile; fileRef = C9B4475724582EE1000EEDDF /* TaksViewController.swift */; };
		C9B4475A2459162A000EEDDF /* PomodoroCoinsViewController.swift in Sources */ = {isa = PBXBuildFile; fileRef = C9B447592459162A000EEDDF /* PomodoroCoinsViewController.swift */; };
		C9B4475C24591704000EEDDF /* Constants.swift in Sources */ = {isa = PBXBuildFile; fileRef = C9B4475B24591704000EEDDF /* Constants.swift */; };
		C9B4475E24591C4C000EEDDF /* AlarmConstants.swift in Sources */ = {isa = PBXBuildFile; fileRef = C9B4475D24591C4C000EEDDF /* AlarmConstants.swift */; };
		C9B4476024598A72000EEDDF /* CustomStackView.swift in Sources */ = {isa = PBXBuildFile; fileRef = C9B4475F24598A72000EEDDF /* CustomStackView.swift */; };
		C9B44762245A9095000EEDDF /* CustomEffects.swift in Sources */ = {isa = PBXBuildFile; fileRef = C9B44761245A9095000EEDDF /* CustomEffects.swift */; };
		C9B44764245BF974000EEDDF /* ShortBreakTask.swift in Sources */ = {isa = PBXBuildFile; fileRef = C9B44763245BF974000EEDDF /* ShortBreakTask.swift */; };
		C9B44766245BF9B3000EEDDF /* TaskTimerProtocol.swift in Sources */ = {isa = PBXBuildFile; fileRef = C9B44765245BF9B3000EEDDF /* TaskTimerProtocol.swift */; };
		C9B44768245BFC04000EEDDF /* Task.swift in Sources */ = {isa = PBXBuildFile; fileRef = C9B44767245BFC04000EEDDF /* Task.swift */; };
		C9B4476A245C1C4D000EEDDF /* ShortBreakTimerProtocol.swift in Sources */ = {isa = PBXBuildFile; fileRef = C9B44769245C1C4D000EEDDF /* ShortBreakTimerProtocol.swift */; };
		C9B4476C245C808B000EEDDF /* LongBreakTask.swift in Sources */ = {isa = PBXBuildFile; fileRef = C9B4476B245C808B000EEDDF /* LongBreakTask.swift */; };
		C9B4476E245C817C000EEDDF /* LongBreakTimerProtocol.swift in Sources */ = {isa = PBXBuildFile; fileRef = C9B4476D245C817C000EEDDF /* LongBreakTimerProtocol.swift */; };
/* End PBXBuildFile section */

/* Begin PBXFileReference section */
		C9B4473624568192000EEDDF /* ThePomodoroApp.app */ = {isa = PBXFileReference; explicitFileType = wrapper.application; includeInIndex = 0; path = ThePomodoroApp.app; sourceTree = BUILT_PRODUCTS_DIR; };
		C9B4473924568192000EEDDF /* AppDelegate.swift */ = {isa = PBXFileReference; lastKnownFileType = sourcecode.swift; path = AppDelegate.swift; sourceTree = "<group>"; };
		C9B4473D24568192000EEDDF /* TimerViewController.swift */ = {isa = PBXFileReference; lastKnownFileType = sourcecode.swift; path = TimerViewController.swift; sourceTree = "<group>"; };
		C9B4474224568198000EEDDF /* Assets.xcassets */ = {isa = PBXFileReference; lastKnownFileType = folder.assetcatalog; path = Assets.xcassets; sourceTree = "<group>"; };
		C9B4474524568198000EEDDF /* Base */ = {isa = PBXFileReference; lastKnownFileType = file.storyboard; name = Base; path = Base.lproj/LaunchScreen.storyboard; sourceTree = "<group>"; };
		C9B4474724568198000EEDDF /* Info.plist */ = {isa = PBXFileReference; lastKnownFileType = text.plist.xml; path = Info.plist; sourceTree = "<group>"; };
		C9B4475024580ADF000EEDDF /* TabBarVC.swift */ = {isa = PBXFileReference; lastKnownFileType = sourcecode.swift; path = TabBarVC.swift; sourceTree = "<group>"; };
		C9B44753245817E9000EEDDF /* CustomColor.swift */ = {isa = PBXFileReference; lastKnownFileType = sourcecode.swift; path = CustomColor.swift; sourceTree = "<group>"; };
		C9B4475524582A50000EEDDF /* SettingsViewController.swift */ = {isa = PBXFileReference; lastKnownFileType = sourcecode.swift; path = SettingsViewController.swift; sourceTree = "<group>"; };
		C9B4475724582EE1000EEDDF /* TaksViewController.swift */ = {isa = PBXFileReference; lastKnownFileType = sourcecode.swift; path = TaksViewController.swift; sourceTree = "<group>"; };
		C9B447592459162A000EEDDF /* PomodoroCoinsViewController.swift */ = {isa = PBXFileReference; lastKnownFileType = sourcecode.swift; path = PomodoroCoinsViewController.swift; sourceTree = "<group>"; };
		C9B4475B24591704000EEDDF /* Constants.swift */ = {isa = PBXFileReference; lastKnownFileType = sourcecode.swift; path = Constants.swift; sourceTree = "<group>"; };
		C9B4475D24591C4C000EEDDF /* AlarmConstants.swift */ = {isa = PBXFileReference; lastKnownFileType = sourcecode.swift; path = AlarmConstants.swift; sourceTree = "<group>"; };
		C9B4475F24598A72000EEDDF /* CustomStackView.swift */ = {isa = PBXFileReference; lastKnownFileType = sourcecode.swift; path = CustomStackView.swift; sourceTree = "<group>"; };
		C9B44761245A9095000EEDDF /* CustomEffects.swift */ = {isa = PBXFileReference; lastKnownFileType = sourcecode.swift; path = CustomEffects.swift; sourceTree = "<group>"; };
		C9B44763245BF974000EEDDF /* ShortBreakTask.swift */ = {isa = PBXFileReference; lastKnownFileType = sourcecode.swift; path = ShortBreakTask.swift; sourceTree = "<group>"; };
		C9B44765245BF9B3000EEDDF /* TaskTimerProtocol.swift */ = {isa = PBXFileReference; lastKnownFileType = sourcecode.swift; path = TaskTimerProtocol.swift; sourceTree = "<group>"; };
		C9B44767245BFC04000EEDDF /* Task.swift */ = {isa = PBXFileReference; lastKnownFileType = sourcecode.swift; path = Task.swift; sourceTree = "<group>"; };
		C9B44769245C1C4D000EEDDF /* ShortBreakTimerProtocol.swift */ = {isa = PBXFileReference; lastKnownFileType = sourcecode.swift; path = ShortBreakTimerProtocol.swift; sourceTree = "<group>"; };
		C9B4476B245C808B000EEDDF /* LongBreakTask.swift */ = {isa = PBXFileReference; lastKnownFileType = sourcecode.swift; path = LongBreakTask.swift; sourceTree = "<group>"; };
		C9B4476D245C817C000EEDDF /* LongBreakTimerProtocol.swift */ = {isa = PBXFileReference; lastKnownFileType = sourcecode.swift; path = LongBreakTimerProtocol.swift; sourceTree = "<group>"; };
/* End PBXFileReference section */

/* Begin PBXFrameworksBuildPhase section */
		C9B4473324568192000EEDDF /* Frameworks */ = {
			isa = PBXFrameworksBuildPhase;
			buildActionMask = 2147483647;
			files = (
			);
			runOnlyForDeploymentPostprocessing = 0;
		};
/* End PBXFrameworksBuildPhase section */

/* Begin PBXGroup section */
		C9B4472D24568192000EEDDF = {
			isa = PBXGroup;
			children = (
				C9B4473824568192000EEDDF /* ThePomodoroApp */,
				C9B4473724568192000EEDDF /* Products */,
			);
			sourceTree = "<group>";
		};
		C9B4473724568192000EEDDF /* Products */ = {
			isa = PBXGroup;
			children = (
				C9B4473624568192000EEDDF /* ThePomodoroApp.app */,
			);
			name = Products;
			sourceTree = "<group>";
		};
		C9B4473824568192000EEDDF /* ThePomodoroApp */ = {
			isa = PBXGroup;
			children = (
				C9B44752245817DC000EEDDF /* Utilities */,
				C9B4473924568192000EEDDF /* AppDelegate.swift */,
				C9B4475024580ADF000EEDDF /* TabBarVC.swift */,
				C9B4473D24568192000EEDDF /* TimerViewController.swift */,
				C9B447592459162A000EEDDF /* PomodoroCoinsViewController.swift */,
				C9B4475724582EE1000EEDDF /* TaksViewController.swift */,
				C9B4475524582A50000EEDDF /* SettingsViewController.swift */,
				C9B4474224568198000EEDDF /* Assets.xcassets */,
				C9B4474424568198000EEDDF /* LaunchScreen.storyboard */,
				C9B4474724568198000EEDDF /* Info.plist */,
			);
			path = ThePomodoroApp;
			sourceTree = "<group>";
		};
		C9B44752245817DC000EEDDF /* Utilities */ = {
			isa = PBXGroup;
			children = (
				C9B44753245817E9000EEDDF /* CustomColor.swift */,
				C9B4475B24591704000EEDDF /* Constants.swift */,
				C9B4475D24591C4C000EEDDF /* AlarmConstants.swift */,
				C9B4475F24598A72000EEDDF /* CustomStackView.swift */,
				C9B44761245A9095000EEDDF /* CustomEffects.swift */,
				C9B4476B245C808B000EEDDF /* LongBreakTask.swift */,
				C9B44763245BF974000EEDDF /* ShortBreakTask.swift */,
				C9B44767245BFC04000EEDDF /* Task.swift */,
				C9B44765245BF9B3000EEDDF /* TaskTimerProtocol.swift */,
				C9B44769245C1C4D000EEDDF /* ShortBreakTimerProtocol.swift */,
				C9B4476D245C817C000EEDDF /* LongBreakTimerProtocol.swift */,
			);
			path = Utilities;
			sourceTree = "<group>";
		};
/* End PBXGroup section */

/* Begin PBXNativeTarget section */
		C9B4473524568192000EEDDF /* ThePomodoroApp */ = {
			isa = PBXNativeTarget;
			buildConfigurationList = C9B4474A24568198000EEDDF /* Build configuration list for PBXNativeTarget "ThePomodoroApp" */;
			buildPhases = (
				C9B4473224568192000EEDDF /* Sources */,
				C9B4473324568192000EEDDF /* Frameworks */,
				C9B4473424568192000EEDDF /* Resources */,
			);
			buildRules = (
			);
			dependencies = (
			);
			name = ThePomodoroApp;
			productName = ThePomodoroApp;
			productReference = C9B4473624568192000EEDDF /* ThePomodoroApp.app */;
			productType = "com.apple.product-type.application";
		};
/* End PBXNativeTarget section */

/* Begin PBXProject section */
		C9B4472E24568192000EEDDF /* Project object */ = {
			isa = PBXProject;
			attributes = {
				LastSwiftUpdateCheck = 1140;
				LastUpgradeCheck = 1140;
				ORGANIZATIONNAME = "V, Kalaivani V. (623-Extern)";
				TargetAttributes = {
					C9B4473524568192000EEDDF = {
						CreatedOnToolsVersion = 11.4.1;
					};
				};
			};
			buildConfigurationList = C9B4473124568192000EEDDF /* Build configuration list for PBXProject "ThePomodoroApp" */;
			compatibilityVersion = "Xcode 9.3";
			developmentRegion = en;
			hasScannedForEncodings = 0;
			knownRegions = (
				en,
				Base,
			);
			mainGroup = C9B4472D24568192000EEDDF;
			productRefGroup = C9B4473724568192000EEDDF /* Products */;
			projectDirPath = "";
			projectRoot = "";
			targets = (
				C9B4473524568192000EEDDF /* ThePomodoroApp */,
			);
		};
/* End PBXProject section */

/* Begin PBXResourcesBuildPhase section */
		C9B4473424568192000EEDDF /* Resources */ = {
			isa = PBXResourcesBuildPhase;
			buildActionMask = 2147483647;
			files = (
				C9B4474624568198000EEDDF /* LaunchScreen.storyboard in Resources */,
				C9B4474324568198000EEDDF /* Assets.xcassets in Resources */,
			);
			runOnlyForDeploymentPostprocessing = 0;
		};
/* End PBXResourcesBuildPhase section */

/* Begin PBXSourcesBuildPhase section */
		C9B4473224568192000EEDDF /* Sources */ = {
			isa = PBXSourcesBuildPhase;
			buildActionMask = 2147483647;
			files = (
				C9B4476A245C1C4D000EEDDF /* ShortBreakTimerProtocol.swift in Sources */,
				C9B4476024598A72000EEDDF /* CustomStackView.swift in Sources */,
				C9B4473E24568192000EEDDF /* TimerViewController.swift in Sources */,
				C9B4475124580ADF000EEDDF /* TabBarVC.swift in Sources */,
				C9B44764245BF974000EEDDF /* ShortBreakTask.swift in Sources */,
				C9B4475E24591C4C000EEDDF /* AlarmConstants.swift in Sources */,
				C9B4476C245C808B000EEDDF /* LongBreakTask.swift in Sources */,
				C9B44754245817E9000EEDDF /* CustomColor.swift in Sources */,
				C9B4475824582EE1000EEDDF /* TaksViewController.swift in Sources */,
				C9B44766245BF9B3000EEDDF /* TaskTimerProtocol.swift in Sources */,
				C9B4475624582A50000EEDDF /* SettingsViewController.swift in Sources */,
				C9B4473A24568192000EEDDF /* AppDelegate.swift in Sources */,
				C9B44762245A9095000EEDDF /* CustomEffects.swift in Sources */,
				C9B4475A2459162A000EEDDF /* PomodoroCoinsViewController.swift in Sources */,
				C9B44768245BFC04000EEDDF /* Task.swift in Sources */,
				C9B4475C24591704000EEDDF /* Constants.swift in Sources */,
				C9B4476E245C817C000EEDDF /* LongBreakTimerProtocol.swift in Sources */,
			);
			runOnlyForDeploymentPostprocessing = 0;
		};
/* End PBXSourcesBuildPhase section */

/* Begin PBXVariantGroup section */
		C9B4474424568198000EEDDF /* LaunchScreen.storyboard */ = {
			isa = PBXVariantGroup;
			children = (
				C9B4474524568198000EEDDF /* Base */,
			);
			name = LaunchScreen.storyboard;
			sourceTree = "<group>";
		};
/* End PBXVariantGroup section */

/* Begin XCBuildConfiguration section */
		C9B4474824568198000EEDDF /* Debug */ = {
			isa = XCBuildConfiguration;
			buildSettings = {
				ALWAYS_SEARCH_USER_PATHS = NO;
				CLANG_ANALYZER_NONNULL = YES;
				CLANG_ANALYZER_NUMBER_OBJECT_CONVERSION = YES_AGGRESSIVE;
				CLANG_CXX_LANGUAGE_STANDARD = "gnu++14";
				CLANG_CXX_LIBRARY = "libc++";
				CLANG_ENABLE_MODULES = YES;
				CLANG_ENABLE_OBJC_ARC = YES;
				CLANG_ENABLE_OBJC_WEAK = YES;
				CLANG_WARN_BLOCK_CAPTURE_AUTORELEASING = YES;
				CLANG_WARN_BOOL_CONVERSION = YES;
				CLANG_WARN_COMMA = YES;
				CLANG_WARN_CONSTANT_CONVERSION = YES;
				CLANG_WARN_DEPRECATED_OBJC_IMPLEMENTATIONS = YES;
				CLANG_WARN_DIRECT_OBJC_ISA_USAGE = YES_ERROR;
				CLANG_WARN_DOCUMENTATION_COMMENTS = YES;
				CLANG_WARN_EMPTY_BODY = YES;
				CLANG_WARN_ENUM_CONVERSION = YES;
				CLANG_WARN_INFINITE_RECURSION = YES;
				CLANG_WARN_INT_CONVERSION = YES;
				CLANG_WARN_NON_LITERAL_NULL_CONVERSION = YES;
				CLANG_WARN_OBJC_IMPLICIT_RETAIN_SELF = YES;
				CLANG_WARN_OBJC_LITERAL_CONVERSION = YES;
				CLANG_WARN_OBJC_ROOT_CLASS = YES_ERROR;
				CLANG_WARN_RANGE_LOOP_ANALYSIS = YES;
				CLANG_WARN_STRICT_PROTOTYPES = YES;
				CLANG_WARN_SUSPICIOUS_MOVE = YES;
				CLANG_WARN_UNGUARDED_AVAILABILITY = YES_AGGRESSIVE;
				CLANG_WARN_UNREACHABLE_CODE = YES;
				CLANG_WARN__DUPLICATE_METHOD_MATCH = YES;
				COPY_PHASE_STRIP = NO;
				DEBUG_INFORMATION_FORMAT = dwarf;
				ENABLE_STRICT_OBJC_MSGSEND = YES;
				ENABLE_TESTABILITY = YES;
				GCC_C_LANGUAGE_STANDARD = gnu11;
				GCC_DYNAMIC_NO_PIC = NO;
				GCC_NO_COMMON_BLOCKS = YES;
				GCC_OPTIMIZATION_LEVEL = 0;
				GCC_PREPROCESSOR_DEFINITIONS = (
					"DEBUG=1",
					"$(inherited)",
				);
				GCC_WARN_64_TO_32_BIT_CONVERSION = YES;
				GCC_WARN_ABOUT_RETURN_TYPE = YES_ERROR;
				GCC_WARN_UNDECLARED_SELECTOR = YES;
				GCC_WARN_UNINITIALIZED_AUTOS = YES_AGGRESSIVE;
				GCC_WARN_UNUSED_FUNCTION = YES;
				GCC_WARN_UNUSED_VARIABLE = YES;
				IPHONEOS_DEPLOYMENT_TARGET = 13.4;
				MTL_ENABLE_DEBUG_INFO = INCLUDE_SOURCE;
				MTL_FAST_MATH = YES;
				ONLY_ACTIVE_ARCH = YES;
				SDKROOT = iphoneos;
				SWIFT_ACTIVE_COMPILATION_CONDITIONS = DEBUG;
				SWIFT_OPTIMIZATION_LEVEL = "-Onone";
			};
			name = Debug;
		};
		C9B4474924568198000EEDDF /* Release */ = {
			isa = XCBuildConfiguration;
			buildSettings = {
				ALWAYS_SEARCH_USER_PATHS = NO;
				CLANG_ANALYZER_NONNULL = YES;
				CLANG_ANALYZER_NUMBER_OBJECT_CONVERSION = YES_AGGRESSIVE;
				CLANG_CXX_LANGUAGE_STANDARD = "gnu++14";
				CLANG_CXX_LIBRARY = "libc++";
				CLANG_ENABLE_MODULES = YES;
				CLANG_ENABLE_OBJC_ARC = YES;
				CLANG_ENABLE_OBJC_WEAK = YES;
				CLANG_WARN_BLOCK_CAPTURE_AUTORELEASING = YES;
				CLANG_WARN_BOOL_CONVERSION = YES;
				CLANG_WARN_COMMA = YES;
				CLANG_WARN_CONSTANT_CONVERSION = YES;
				CLANG_WARN_DEPRECATED_OBJC_IMPLEMENTATIONS = YES;
				CLANG_WARN_DIRECT_OBJC_ISA_USAGE = YES_ERROR;
				CLANG_WARN_DOCUMENTATION_COMMENTS = YES;
				CLANG_WARN_EMPTY_BODY = YES;
				CLANG_WARN_ENUM_CONVERSION = YES;
				CLANG_WARN_INFINITE_RECURSION = YES;
				CLANG_WARN_INT_CONVERSION = YES;
				CLANG_WARN_NON_LITERAL_NULL_CONVERSION = YES;
				CLANG_WARN_OBJC_IMPLICIT_RETAIN_SELF = YES;
				CLANG_WARN_OBJC_LITERAL_CONVERSION = YES;
				CLANG_WARN_OBJC_ROOT_CLASS = YES_ERROR;
				CLANG_WARN_RANGE_LOOP_ANALYSIS = YES;
				CLANG_WARN_STRICT_PROTOTYPES = YES;
				CLANG_WARN_SUSPICIOUS_MOVE = YES;
				CLANG_WARN_UNGUARDED_AVAILABILITY = YES_AGGRESSIVE;
				CLANG_WARN_UNREACHABLE_CODE = YES;
				CLANG_WARN__DUPLICATE_METHOD_MATCH = YES;
				COPY_PHASE_STRIP = NO;
				DEBUG_INFORMATION_FORMAT = "dwarf-with-dsym";
				ENABLE_NS_ASSERTIONS = NO;
				ENABLE_STRICT_OBJC_MSGSEND = YES;
				GCC_C_LANGUAGE_STANDARD = gnu11;
				GCC_NO_COMMON_BLOCKS = YES;
				GCC_WARN_64_TO_32_BIT_CONVERSION = YES;
				GCC_WARN_ABOUT_RETURN_TYPE = YES_ERROR;
				GCC_WARN_UNDECLARED_SELECTOR = YES;
				GCC_WARN_UNINITIALIZED_AUTOS = YES_AGGRESSIVE;
				GCC_WARN_UNUSED_FUNCTION = YES;
				GCC_WARN_UNUSED_VARIABLE = YES;
				IPHONEOS_DEPLOYMENT_TARGET = 13.4;
				MTL_ENABLE_DEBUG_INFO = NO;
				MTL_FAST_MATH = YES;
				SDKROOT = iphoneos;
				SWIFT_COMPILATION_MODE = wholemodule;
				SWIFT_OPTIMIZATION_LEVEL = "-O";
				VALIDATE_PRODUCT = YES;
			};
			name = Release;
		};
		C9B4474B24568198000EEDDF /* Debug */ = {
			isa = XCBuildConfiguration;
			buildSettings = {
				ASSETCATALOG_COMPILER_APPICON_NAME = AppIcon;
				CODE_SIGN_STYLE = Automatic;
				INFOPLIST_FILE = ThePomodoroApp/Info.plist;
				LD_RUNPATH_SEARCH_PATHS = (
					"$(inherited)",
					"@executable_path/Frameworks",
				);
				PRODUCT_BUNDLE_IDENTIFIER = com.ThePomodoroApp;
				PRODUCT_NAME = "$(TARGET_NAME)";
				SWIFT_VERSION = 5.0;
				TARGETED_DEVICE_FAMILY = "1,2";
			};
			name = Debug;
		};
		C9B4474C24568198000EEDDF /* Release */ = {
			isa = XCBuildConfiguration;
			buildSettings = {
				ASSETCATALOG_COMPILER_APPICON_NAME = AppIcon;
				CODE_SIGN_STYLE = Automatic;
				INFOPLIST_FILE = ThePomodoroApp/Info.plist;
				LD_RUNPATH_SEARCH_PATHS = (
					"$(inherited)",
					"@executable_path/Frameworks",
				);
				PRODUCT_BUNDLE_IDENTIFIER = com.ThePomodoroApp;
				PRODUCT_NAME = "$(TARGET_NAME)";
				SWIFT_VERSION = 5.0;
				TARGETED_DEVICE_FAMILY = "1,2";
			};
			name = Release;
		};
/* End XCBuildConfiguration section */

/* Begin XCConfigurationList section */
		C9B4473124568192000EEDDF /* Build configuration list for PBXProject "ThePomodoroApp" */ = {
			isa = XCConfigurationList;
			buildConfigurations = (
				C9B4474824568198000EEDDF /* Debug */,
				C9B4474924568198000EEDDF /* Release */,
			);
			defaultConfigurationIsVisible = 0;
			defaultConfigurationName = Release;
		};
		C9B4474A24568198000EEDDF /* Build configuration list for PBXNativeTarget "ThePomodoroApp" */ = {
			isa = XCConfigurationList;
			buildConfigurations = (
				C9B4474B24568198000EEDDF /* Debug */,
				C9B4474C24568198000EEDDF /* Release */,
			);
			defaultConfigurationIsVisible = 0;
			defaultConfigurationName = Release;
		};
/* End XCConfigurationList section */
	};
	rootObject = C9B4472E24568192000EEDDF /* Project object */;
}
